{
  "nodes": {
    "home-manager": {
      "inputs": {
        "nixpkgs": [
          "nixpkgs"
        ]
      },
      "locked": {
        "lastModified": 1637917813,
        "narHash": "sha256-Lrm/qWRuvZSNj2WiU/OopUFdlFOyMigB154lIvsbjMk=",
        "owner": "nix-community",
        "repo": "home-manager",
        "rev": "2a8974098b7272729eb9de3d4f837697e2e22651",
        "type": "github"
      },
      "original": {
        "owner": "nix-community",
        "ref": "release-21.05",
        "repo": "home-manager",
        "type": "github"
      }
    },
    "nixpkgs": {
      "locked": {
        "lastModified": 1637798660,
        "narHash": "sha256-MrPmoGeiOjlT17j3ZQx6iab07YVnomRiBFLcOCiCYnk=",
        "owner": "NixOS",
        "repo": "nixpkgs",
        "rev": "91e6a9a6568f751bb10222a937507e7e151a035e",
        "type": "github"
      },
      "original": {
        "id": "nixpkgs",
        "ref": "nixos-21.05",
        "type": "indirect"
      }
    },
    "nixpkgsUnstable": {
      "locked": {
        "lastModified": 1637841632,
        "narHash": "sha256-QYqiKHdda0EOnLGQCHE+GluD/Lq2EJj4hVTooPM55Ic=",
        "owner": "NixOS",
        "repo": "nixpkgs",
        "rev": "73369f8d0864854d1acfa7f1e6217f7d6b6e3fa1",
        "type": "github"
      },
      "original": {
        "id": "nixpkgs",
        "ref": "nixos-unstable",
        "type": "indirect"
      }
    },
    "nur": {
      "locked": {
        "lastModified": 1637918065,
        "narHash": "sha256-/Cb/klsOYlZLTHT6ia0YoxTwX8u6yTpnEHTtUJmMnAU=",
        "owner": "nix-community",
        "repo": "NUR",
        "rev": "d17ec5ca53984653c8596f3cfd1f0be430e2e435",
        "type": "github"
      },
      "original": {
        "owner": "nix-community",
        "repo": "NUR",
        "type": "github"
      }
    },
    "root": {
      "inputs": {
        "home-manager": "home-manager",
        "nixpkgs": "nixpkgs",
        "nixpkgsUnstable": "nixpkgsUnstable",
        "nur": "nur"
      }
    }
  },
  "root": "root",
  "version": 7
}
