{
  "nodes": {
    "home-manager": {
      "inputs": {
        "nixpkgs": [
          "nixpkgs"
        ]
      },
      "locked": {
        "lastModified": 1637019201,
        "narHash": "sha256-lq4gz51fx4m5FXfx1SCB444aEBeaYtLMVm3P18Wi9ls=",
        "owner": "nix-community",
        "repo": "home-manager",
        "rev": "bcf03fa16a1f06b8a0abb27bf49afa8d6fffe8f1",
        "type": "github"
      },
      "original": {
        "owner": "nix-community",
        "ref": "release-21.05",
        "repo": "home-manager",
        "type": "github"
      }
    },
    "nixpkgs": {
      "locked": {
        "lastModified": 1637798660,
        "narHash": "sha256-MrPmoGeiOjlT17j3ZQx6iab07YVnomRiBFLcOCiCYnk=",
        "owner": "NixOS",
        "repo": "nixpkgs",
        "rev": "91e6a9a6568f751bb10222a937507e7e151a035e",
        "type": "github"
      },
      "original": {
        "id": "nixpkgs",
        "ref": "nixos-21.05",
        "type": "indirect"
      }
    },
    "nixpkgsUnstable": {
      "locked": {
        "lastModified": 1637841632,
        "narHash": "sha256-QYqiKHdda0EOnLGQCHE+GluD/Lq2EJj4hVTooPM55Ic=",
        "owner": "NixOS",
        "repo": "nixpkgs",
        "rev": "73369f8d0864854d1acfa7f1e6217f7d6b6e3fa1",
        "type": "github"
      },
      "original": {
        "id": "nixpkgs",
        "ref": "nixos-unstable",
        "type": "indirect"
      }
    },
    "nur": {
      "locked": {
        "lastModified": 1637899644,
        "narHash": "sha256-A0A53Xr1bECZsMVVp1JEukADk/KCKRq5mdphSdfUbz0=",
        "owner": "nix-community",
        "repo": "NUR",
        "rev": "97eaad83118f3937bc4e86d1c0784494c733f520",
        "type": "github"
      },
      "original": {
        "owner": "nix-community",
        "repo": "NUR",
        "type": "github"
      }
    },
    "root": {
      "inputs": {
        "home-manager": "home-manager",
        "nixpkgs": "nixpkgs",
        "nixpkgsUnstable": "nixpkgsUnstable",
        "nur": "nur"
      }
    }
  },
  "root": "root",
  "version": 7
}
